
Microsoft Visual Studio Solution File, Format Version 12.00
# Visual Studio Version 17
VisualStudioVersion = 17.9.34701.34
MinimumVisualStudioVersion = 10.0.40219.1
Project("{FAE04EC0-301F-11D3-BF4B-00C04F79EFBC}") = "FunWithMethodOverloading", "FunWithMethodOverloading.csproj", "{D74F7E94-FC3B-497C-A82B-B56742A3D925}"
EndProject
Global
	GlobalSection(SolutionConfigurationPlatforms) = preSolution
		Debug|Any CPU = Debug|Any CPU
		Release|Any CPU = Release|Any CPU
	EndGlobalSection
	GlobalSection(ProjectConfigurationPlatforms) = postSolution
		{D74F7E94-FC3B-497C-A82B-B56742A3D925}.Debug|Any CPU.ActiveCfg = Debug|Any CPU
		{D74F7E94-FC3B-497C-A82B-B56742A3D925}.Debug|Any CPU.Build.0 = Debug|Any CPU
		{D74F7E94-FC3B-497C-A82B-B56742A3D925}.Release|Any CPU.ActiveCfg = Release|Any CPU
		{D74F7E94-FC3B-497C-A82B-B56742A3D925}.Release|Any CPU.Build.0 = Release|Any CPU
	EndGlobalSection
	GlobalSection(SolutionProperties) = preSolution
		HideSolutionNode = FALSE
	EndGlobalSection
	GlobalSection(ExtensibilityGlobals) = postSolution
		SolutionGuid = {52C777FE-7203-4E7B-9592-EC95A5E7B314}
	EndGlobalSection
EndGlobal
