
Microsoft Visual Studio Solution File, Format Version 12.00
# Visual Studio Version 17
VisualStudioVersion = 17.9.34701.34
MinimumVisualStudioVersion = 10.0.40219.1
Project("{FAE04EC0-301F-11D3-BF4B-00C04F79EFBC}") = "FunWithMethods", "FunWithMethods.csproj", "{FAF7842A-50BF-4861-9E0C-52DF1018AC02}"
EndProject
Global
	GlobalSection(SolutionConfigurationPlatforms) = preSolution
		Debug|Any CPU = Debug|Any CPU
		Release|Any CPU = Release|Any CPU
	EndGlobalSection
	GlobalSection(ProjectConfigurationPlatforms) = postSolution
		{FAF7842A-50BF-4861-9E0C-52DF1018AC02}.Debug|Any CPU.ActiveCfg = Debug|Any CPU
		{FAF7842A-50BF-4861-9E0C-52DF1018AC02}.Debug|Any CPU.Build.0 = Debug|Any CPU
		{FAF7842A-50BF-4861-9E0C-52DF1018AC02}.Release|Any CPU.ActiveCfg = Release|Any CPU
		{FAF7842A-50BF-4861-9E0C-52DF1018AC02}.Release|Any CPU.Build.0 = Release|Any CPU
	EndGlobalSection
	GlobalSection(SolutionProperties) = preSolution
		HideSolutionNode = FALSE
	EndGlobalSection
	GlobalSection(ExtensibilityGlobals) = postSolution
		SolutionGuid = {A41119F0-1AFF-49DA-A3E6-8007ABFEEFD8}
	EndGlobalSection
EndGlobal
