
Microsoft Visual Studio Solution File, Format Version 12.00
# Visual Studio Version 17
VisualStudioVersion = 17.10.35004.147
MinimumVisualStudioVersion = 10.0.40219.1
Project("{FAE04EC0-301F-11D3-BF4B-00C04F79EFBC}") = "LambdaExpressions", "LambdaExpressions.csproj", "{67D33586-50EA-4531-BED5-AA6F05E9BC08}"
EndProject
Global
	GlobalSection(SolutionConfigurationPlatforms) = preSolution
		Debug|Any CPU = Debug|Any CPU
		Release|Any CPU = Release|Any CPU
	EndGlobalSection
	GlobalSection(ProjectConfigurationPlatforms) = postSolution
		{67D33586-50EA-4531-BED5-AA6F05E9BC08}.Debug|Any CPU.ActiveCfg = Debug|Any CPU
		{67D33586-50EA-4531-BED5-AA6F05E9BC08}.Debug|Any CPU.Build.0 = Debug|Any CPU
		{67D33586-50EA-4531-BED5-AA6F05E9BC08}.Release|Any CPU.ActiveCfg = Release|Any CPU
		{67D33586-50EA-4531-BED5-AA6F05E9BC08}.Release|Any CPU.Build.0 = Release|Any CPU
	EndGlobalSection
	GlobalSection(SolutionProperties) = preSolution
		HideSolutionNode = FALSE
	EndGlobalSection
	GlobalSection(ExtensibilityGlobals) = postSolution
		SolutionGuid = {CC79DD66-EE85-4B23-BE1B-75521236D932}
	EndGlobalSection
EndGlobal
