
Microsoft Visual Studio Solution File, Format Version 12.00
# Visual Studio Version 17
VisualStudioVersion = 17.9.34701.34
MinimumVisualStudioVersion = 10.0.40219.1
Project("{FAE04EC0-301F-11D3-BF4B-00C04F79EFBC}") = "StaticDataAndMembers", "StaticDataAndMembers.csproj", "{453A1ADE-6536-487D-9B53-EC37DA5D34A6}"
EndProject
Global
	GlobalSection(SolutionConfigurationPlatforms) = preSolution
		Debug|Any CPU = Debug|Any CPU
		Release|Any CPU = Release|Any CPU
	EndGlobalSection
	GlobalSection(ProjectConfigurationPlatforms) = postSolution
		{453A1ADE-6536-487D-9B53-EC37DA5D34A6}.Debug|Any CPU.ActiveCfg = Debug|Any CPU
		{453A1ADE-6536-487D-9B53-EC37DA5D34A6}.Debug|Any CPU.Build.0 = Debug|Any CPU
		{453A1ADE-6536-487D-9B53-EC37DA5D34A6}.Release|Any CPU.ActiveCfg = Release|Any CPU
		{453A1ADE-6536-487D-9B53-EC37DA5D34A6}.Release|Any CPU.Build.0 = Release|Any CPU
	EndGlobalSection
	GlobalSection(SolutionProperties) = preSolution
		HideSolutionNode = FALSE
	EndGlobalSection
	GlobalSection(ExtensibilityGlobals) = postSolution
		SolutionGuid = {ED39F983-90A7-4F82-952F-E7A2B83E1ABA}
	EndGlobalSection
EndGlobal
