
Microsoft Visual Studio Solution File, Format Version 12.00
# Visual Studio Version 17
VisualStudioVersion = 17.9.34701.34
MinimumVisualStudioVersion = 10.0.40219.1
Project("{FAE04EC0-301F-11D3-BF4B-00C04F79EFBC}") = "ObjectOverrides", "ObjectOverrides.csproj", "{4D18713C-542B-40C9-B7EA-A5C349855913}"
EndProject
Global
	GlobalSection(SolutionConfigurationPlatforms) = preSolution
		Debug|Any CPU = Debug|Any CPU
		Release|Any CPU = Release|Any CPU
	EndGlobalSection
	GlobalSection(ProjectConfigurationPlatforms) = postSolution
		{4D18713C-542B-40C9-B7EA-A5C349855913}.Debug|Any CPU.ActiveCfg = Debug|Any CPU
		{4D18713C-542B-40C9-B7EA-A5C349855913}.Debug|Any CPU.Build.0 = Debug|Any CPU
		{4D18713C-542B-40C9-B7EA-A5C349855913}.Release|Any CPU.ActiveCfg = Release|Any CPU
		{4D18713C-542B-40C9-B7EA-A5C349855913}.Release|Any CPU.Build.0 = Release|Any CPU
	EndGlobalSection
	GlobalSection(SolutionProperties) = preSolution
		HideSolutionNode = FALSE
	EndGlobalSection
	GlobalSection(ExtensibilityGlobals) = postSolution
		SolutionGuid = {F3E0A988-81A7-4DFB-9E61-172918069705}
	EndGlobalSection
EndGlobal
