
Microsoft Visual Studio Solution File, Format Version 12.00
# Visual Studio Version 17
VisualStudioVersion = 17.9.34701.34
MinimumVisualStudioVersion = 10.0.40219.1
Project("{FAE04EC0-301F-11D3-BF4B-00C04F79EFBC}") = "TypeConversions", "TypeConversions.csproj", "{30A874AF-9FA3-4967-875D-114DF404115D}"
EndProject
Global
	GlobalSection(SolutionConfigurationPlatforms) = preSolution
		Debug|Any CPU = Debug|Any CPU
		Release|Any CPU = Release|Any CPU
	EndGlobalSection
	GlobalSection(ProjectConfigurationPlatforms) = postSolution
		{30A874AF-9FA3-4967-875D-114DF404115D}.Debug|Any CPU.ActiveCfg = Debug|Any CPU
		{30A874AF-9FA3-4967-875D-114DF404115D}.Debug|Any CPU.Build.0 = Debug|Any CPU
		{30A874AF-9FA3-4967-875D-114DF404115D}.Release|Any CPU.ActiveCfg = Release|Any CPU
		{30A874AF-9FA3-4967-875D-114DF404115D}.Release|Any CPU.Build.0 = Release|Any CPU
	EndGlobalSection
	GlobalSection(SolutionProperties) = preSolution
		HideSolutionNode = FALSE
	EndGlobalSection
	GlobalSection(ExtensibilityGlobals) = postSolution
		SolutionGuid = {2F2AA2AB-9C58-4529-A450-261C99A50C33}
	EndGlobalSection
EndGlobal
