
Microsoft Visual Studio Solution File, Format Version 12.00
# Visual Studio Version 17
VisualStudioVersion = 17.9.34701.34
MinimumVisualStudioVersion = 10.0.40219.1
Project("{FAE04EC0-301F-11D3-BF4B-00C04F79EFBC}") = "BasicDataTypes", "BasicDataTypes.csproj", "{98C0A914-E43D-49A3-8103-E53C17D3A030}"
EndProject
Global
	GlobalSection(SolutionConfigurationPlatforms) = preSolution
		Debug|Any CPU = Debug|Any CPU
		Release|Any CPU = Release|Any CPU
	EndGlobalSection
	GlobalSection(ProjectConfigurationPlatforms) = postSolution
		{98C0A914-E43D-49A3-8103-E53C17D3A030}.Debug|Any CPU.ActiveCfg = Debug|Any CPU
		{98C0A914-E43D-49A3-8103-E53C17D3A030}.Debug|Any CPU.Build.0 = Debug|Any CPU
		{98C0A914-E43D-49A3-8103-E53C17D3A030}.Release|Any CPU.ActiveCfg = Release|Any CPU
		{98C0A914-E43D-49A3-8103-E53C17D3A030}.Release|Any CPU.Build.0 = Release|Any CPU
	EndGlobalSection
	GlobalSection(SolutionProperties) = preSolution
		HideSolutionNode = FALSE
	EndGlobalSection
	GlobalSection(ExtensibilityGlobals) = postSolution
		SolutionGuid = {00DA9BAE-6AC3-45A2-A841-D0C47175936B}
	EndGlobalSection
EndGlobal
