
Microsoft Visual Studio Solution File, Format Version 12.00
# Visual Studio Version 17
VisualStudioVersion = 17.9.34701.34
MinimumVisualStudioVersion = 10.0.40219.1
Project("{FAE04EC0-301F-11D3-BF4B-00C04F79EFBC}") = "ForEachWithExtensionMethods", "ForEachWithExtensionMethods.csproj", "{6B7AFFDB-D428-4D0B-A246-44FD6E5CDE3D}"
EndProject
Global
	GlobalSection(SolutionConfigurationPlatforms) = preSolution
		Debug|Any CPU = Debug|Any CPU
		Release|Any CPU = Release|Any CPU
	EndGlobalSection
	GlobalSection(ProjectConfigurationPlatforms) = postSolution
		{6B7AFFDB-D428-4D0B-A246-44FD6E5CDE3D}.Debug|Any CPU.ActiveCfg = Debug|Any CPU
		{6B7AFFDB-D428-4D0B-A246-44FD6E5CDE3D}.Debug|Any CPU.Build.0 = Debug|Any CPU
		{6B7AFFDB-D428-4D0B-A246-44FD6E5CDE3D}.Release|Any CPU.ActiveCfg = Release|Any CPU
		{6B7AFFDB-D428-4D0B-A246-44FD6E5CDE3D}.Release|Any CPU.Build.0 = Release|Any CPU
	EndGlobalSection
	GlobalSection(SolutionProperties) = preSolution
		HideSolutionNode = FALSE
	EndGlobalSection
	GlobalSection(ExtensibilityGlobals) = postSolution
		SolutionGuid = {41B44160-A585-4A8B-9866-32C9F5581B72}
	EndGlobalSection
EndGlobal
