
Microsoft Visual Studio Solution File, Format Version 12.00
# Visual Studio Version 17
VisualStudioVersion = 17.9.34701.34
MinimumVisualStudioVersion = 10.0.40219.1
Project("{FAE04EC0-301F-11D3-BF4B-00C04F79EFBC}") = "CustomException", "CustomException.csproj", "{3AB3F859-1BDE-4B3B-AB52-A17E8AD1BE36}"
EndProject
Global
	GlobalSection(SolutionConfigurationPlatforms) = preSolution
		Debug|Any CPU = Debug|Any CPU
		Release|Any CPU = Release|Any CPU
	EndGlobalSection
	GlobalSection(ProjectConfigurationPlatforms) = postSolution
		{3AB3F859-1BDE-4B3B-AB52-A17E8AD1BE36}.Debug|Any CPU.ActiveCfg = Debug|Any CPU
		{3AB3F859-1BDE-4B3B-AB52-A17E8AD1BE36}.Debug|Any CPU.Build.0 = Debug|Any CPU
		{3AB3F859-1BDE-4B3B-AB52-A17E8AD1BE36}.Release|Any CPU.ActiveCfg = Release|Any CPU
		{3AB3F859-1BDE-4B3B-AB52-A17E8AD1BE36}.Release|Any CPU.Build.0 = Release|Any CPU
	EndGlobalSection
	GlobalSection(SolutionProperties) = preSolution
		HideSolutionNode = FALSE
	EndGlobalSection
	GlobalSection(ExtensibilityGlobals) = postSolution
		SolutionGuid = {21E6543D-1057-428B-A217-95405D031F28}
	EndGlobalSection
EndGlobal
