
Microsoft Visual Studio Solution File, Format Version 12.00
# Visual Studio Version 17
VisualStudioVersion = 17.9.34701.34
MinimumVisualStudioVersion = 10.0.40219.1
Project("{FAE04EC0-301F-11D3-BF4B-00C04F79EFBC}") = "CustomInterfaces", "CustomInterfaces.csproj", "{82173E6B-C877-4F52-9F29-72178AF3EE25}"
EndProject
Global
	GlobalSection(SolutionConfigurationPlatforms) = preSolution
		Debug|Any CPU = Debug|Any CPU
		Release|Any CPU = Release|Any CPU
	EndGlobalSection
	GlobalSection(ProjectConfigurationPlatforms) = postSolution
		{82173E6B-C877-4F52-9F29-72178AF3EE25}.Debug|Any CPU.ActiveCfg = Debug|Any CPU
		{82173E6B-C877-4F52-9F29-72178AF3EE25}.Debug|Any CPU.Build.0 = Debug|Any CPU
		{82173E6B-C877-4F52-9F29-72178AF3EE25}.Release|Any CPU.ActiveCfg = Release|Any CPU
		{82173E6B-C877-4F52-9F29-72178AF3EE25}.Release|Any CPU.Build.0 = Release|Any CPU
	EndGlobalSection
	GlobalSection(SolutionProperties) = preSolution
		HideSolutionNode = FALSE
	EndGlobalSection
	GlobalSection(ExtensibilityGlobals) = postSolution
		SolutionGuid = {7C0E85D8-7231-49B6-858B-B7B08706B019}
	EndGlobalSection
EndGlobal
